// !$*UTF8*$!
{
	archiveVersion = 1;
	classes = {
	};
	objectVersion = 50;
	objects = {

/* Begin PBXBuildFile section */
		4253989421791AD400CB1797 /* AppDelegate.swift in Sources */ = {isa = PBXBuildFile; fileRef = 4253989321791AD400CB1797 /* AppDelegate.swift */; };
		4253989621791AD400CB1797 /* WeatherViewController.swift in Sources */ = {isa = PBXBuildFile; fileRef = 4253989521791AD400CB1797 /* WeatherViewController.swift */; };
		4253989921791AD400CB1797 /* Main.storyboard in Resources */ = {isa = PBXBuildFile; fileRef = 4253989721791AD400CB1797 /* Main.storyboard */; };
		4253989E21791AD600CB1797 /* LaunchScreen.storyboard in Resources */ = {isa = PBXBuildFile; fileRef = 4253989C21791AD600CB1797 /* LaunchScreen.storyboard */; };
		425398A921791C1400CB1797 /* Images.xcassets in Resources */ = {isa = PBXBuildFile; fileRef = 425398A821791C1400CB1797 /* Images.xcassets */; };
		425398AD2179228100CB1797 /* WeatherDataModel.swift in Sources */ = {isa = PBXBuildFile; fileRef = 425398AC2179228100CB1797 /* WeatherDataModel.swift */; };
		425398B12179236E00CB1797 /* ChangeCityViewController.swift in Sources */ = {isa = PBXBuildFile; fileRef = 425398B02179236E00CB1797 /* ChangeCityViewController.swift */; };
		FC01A7B6594876FB26CD734D /* Pods_ClimateApp.framework in Frameworks */ = {isa = PBXBuildFile; fileRef = DE5EF0CD3BA639B5205481A1 /* Pods_ClimateApp.framework */; };
/* End PBXBuildFile section */

/* Begin PBXFileReference section */
		2B278D4166D675BF80CA9C73 /* Pods-ClimateApp.release.xcconfig */ = {isa = PBXFileReference; includeInIndex = 1; lastKnownFileType = text.xcconfig; name = "Pods-ClimateApp.release.xcconfig"; path = "Pods/Target Support Files/Pods-ClimateApp/Pods-ClimateApp.release.xcconfig"; sourceTree = "<group>"; };
		4253989021791AD400CB1797 /* ClimateApp.app */ = {isa = PBXFileReference; explicitFileType = wrapper.application; includeInIndex = 0; path = ClimateApp.app; sourceTree = BUILT_PRODUCTS_DIR; };
		4253989321791AD400CB1797 /* AppDelegate.swift */ = {isa = PBXFileReference; lastKnownFileType = sourcecode.swift; path = AppDelegate.swift; sourceTree = "<group>"; };
		4253989521791AD400CB1797 /* WeatherViewController.swift */ = {isa = PBXFileReference; lastKnownFileType = sourcecode.swift; path = WeatherViewController.swift; sourceTree = "<group>"; };
		4253989821791AD400CB1797 /* Base */ = {isa = PBXFileReference; lastKnownFileType = file.storyboard; name = Base; path = Base.lproj/Main.storyboard; sourceTree = "<group>"; };
		4253989D21791AD600CB1797 /* Base */ = {isa = PBXFileReference; lastKnownFileType = file.storyboard; name = Base; path = Base.lproj/LaunchScreen.storyboard; sourceTree = "<group>"; };
		4253989F21791AD600CB1797 /* Info.plist */ = {isa = PBXFileReference; lastKnownFileType = text.plist.xml; path = Info.plist; sourceTree = "<group>"; };
		425398A821791C1400CB1797 /* Images.xcassets */ = {isa = PBXFileReference; lastKnownFileType = folder.assetcatalog; name = Images.xcassets; path = "../../../../Downloads/Clima-iOS11-master/Clima/Images.xcassets"; sourceTree = "<group>"; };
		425398AC2179228100CB1797 /* WeatherDataModel.swift */ = {isa = PBXFileReference; lastKnownFileType = sourcecode.swift; path = WeatherDataModel.swift; sourceTree = "<group>"; };
		425398B02179236E00CB1797 /* ChangeCityViewController.swift */ = {isa = PBXFileReference; lastKnownFileType = sourcecode.swift; path = ChangeCityViewController.swift; sourceTree = "<group>"; };
		426931AE217AAA6200DA550A /* RoundButton.swift */ = {isa = PBXFileReference; lastKnownFileType = sourcecode.swift; path = RoundButton.swift; sourceTree = "<group>"; };
		DE5EF0CD3BA639B5205481A1 /* Pods_ClimateApp.framework */ = {isa = PBXFileReference; explicitFileType = wrapper.framework; includeInIndex = 0; path = Pods_ClimateApp.framework; sourceTree = BUILT_PRODUCTS_DIR; };
		F174AF75A2CA7AC9D188C5D2 /* Pods-ClimateApp.debug.xcconfig */ = {isa = PBXFileReference; includeInIndex = 1; lastKnownFileType = text.xcconfig; name = "Pods-ClimateApp.debug.xcconfig"; path = "Pods/Target Support Files/Pods-ClimateApp/Pods-ClimateApp.debug.xcconfig"; sourceTree = "<group>"; };
/* End PBXFileReference section */

/* Begin PBXFrameworksBuildPhase section */
		4253988D21791AD400CB1797 /* Frameworks */ = {
			isa = PBXFrameworksBuildPhase;
			buildActionMask = 2147483647;
			files = (
				FC01A7B6594876FB26CD734D /* Pods_ClimateApp.framework in Frameworks */,
			);
			runOnlyForDeploymentPostprocessing = 0;
		};
/* End PBXFrameworksBuildPhase section */

/* Begin PBXGroup section */
		20DD4B0988DF68347EC074A0 /* Frameworks */ = {
			isa = PBXGroup;
			children = (
				DE5EF0CD3BA639B5205481A1 /* Pods_ClimateApp.framework */,
			);
			name = Frameworks;
			sourceTree = "<group>";
		};
		4253988721791AD400CB1797 = {
			isa = PBXGroup;
			children = (
				4253989221791AD400CB1797 /* ClimateApp */,
				4253989121791AD400CB1797 /* Products */,
				CA29BF951F912404ED822FFE /* Pods */,
				20DD4B0988DF68347EC074A0 /* Frameworks */,
			);
			sourceTree = "<group>";
		};
		4253989121791AD400CB1797 /* Products */ = {
			isa = PBXGroup;
			children = (
				4253989021791AD400CB1797 /* ClimateApp.app */,
			);
			name = Products;
			sourceTree = "<group>";
		};
		4253989221791AD400CB1797 /* ClimateApp */ = {
			isa = PBXGroup;
			children = (
				425398A721791B6600CB1797 /* View */,
				425398A621791B6500CB1797 /* Model */,
				425398A521791B5F00CB1797 /* Controller */,
				4253989321791AD400CB1797 /* AppDelegate.swift */,
				425398A821791C1400CB1797 /* Images.xcassets */,
				4253989C21791AD600CB1797 /* LaunchScreen.storyboard */,
				4253989F21791AD600CB1797 /* Info.plist */,
			);
			path = ClimateApp;
			sourceTree = "<group>";
		};
		425398A521791B5F00CB1797 /* Controller */ = {
			isa = PBXGroup;
			children = (
				4253989521791AD400CB1797 /* WeatherViewController.swift */,
				425398B02179236E00CB1797 /* ChangeCityViewController.swift */,
			);
			path = Controller;
			sourceTree = "<group>";
		};
		425398A621791B6500CB1797 /* Model */ = {
			isa = PBXGroup;
			children = (
				425398AC2179228100CB1797 /* WeatherDataModel.swift */,
			);
			path = Model;
			sourceTree = "<group>";
		};
		425398A721791B6600CB1797 /* View */ = {
			isa = PBXGroup;
			children = (
				426931AE217AAA6200DA550A /* RoundButton.swift */,
				4253989721791AD400CB1797 /* Main.storyboard */,
			);
			path = View;
			sourceTree = "<group>";
		};
		CA29BF951F912404ED822FFE /* Pods */ = {
			isa = PBXGroup;
			children = (
				F174AF75A2CA7AC9D188C5D2 /* Pods-ClimateApp.debug.xcconfig */,
				2B278D4166D675BF80CA9C73 /* Pods-ClimateApp.release.xcconfig */,
			);
			name = Pods;
			sourceTree = "<group>";
		};
/* End PBXGroup section */

/* Begin PBXNativeTarget section */
		4253988F21791AD400CB1797 /* ClimateApp */ = {
			isa = PBXNativeTarget;
			buildConfigurationList = 425398A221791AD600CB1797 /* Build configuration list for PBXNativeTarget "ClimateApp" */;
			buildPhases = (
				078C64F7BFD6A431B4933169 /* [CP] Check Pods Manifest.lock */,
				4253988C21791AD400CB1797 /* Sources */,
				4253988D21791AD400CB1797 /* Frameworks */,
				4253988E21791AD400CB1797 /* Resources */,
				C9585E1231BCFDDCC74B5C21 /* [CP] Embed Pods Frameworks */,
			);
			buildRules = (
			);
			dependencies = (
			);
			name = ClimateApp;
			productName = ClimateApp;
			productReference = 4253989021791AD400CB1797 /* ClimateApp.app */;
			productType = "com.apple.product-type.application";
		};
/* End PBXNativeTarget section */

/* Begin PBXProject section */
		4253988821791AD400CB1797 /* Project object */ = {
			isa = PBXProject;
			attributes = {
				LastSwiftUpdateCheck = 1000;
				LastUpgradeCheck = 1000;
				ORGANIZATIONNAME = "Joshua Madrigal";
				TargetAttributes = {
					4253988F21791AD400CB1797 = {
						CreatedOnToolsVersion = 10.0;
					};
				};
			};
			buildConfigurationList = 4253988B21791AD400CB1797 /* Build configuration list for PBXProject "ClimateApp" */;
			compatibilityVersion = "Xcode 9.3";
			developmentRegion = en;
			hasScannedForEncodings = 0;
			knownRegions = (
				en,
				Base,
			);
			mainGroup = 4253988721791AD400CB1797;
			productRefGroup = 4253989121791AD400CB1797 /* Products */;
			projectDirPath = "";
			projectRoot = "";
			targets = (
				4253988F21791AD400CB1797 /* ClimateApp */,
			);
		};
/* End PBXProject section */

/* Begin PBXResourcesBuildPhase section */
		4253988E21791AD400CB1797 /* Resources */ = {
			isa = PBXResourcesBuildPhase;
			buildActionMask = 2147483647;
			files = (
				4253989E21791AD600CB1797 /* LaunchScreen.storyboard in Resources */,
				425398A921791C1400CB1797 /* Images.xcassets in Resources */,
				4253989921791AD400CB1797 /* Main.storyboard in Resources */,
			);
			runOnlyForDeploymentPostprocessing = 0;
		};
/* End PBXResourcesBuildPhase section */

/* Begin PBXShellScriptBuildPhase section */
		078C64F7BFD6A431B4933169 /* [CP] Check Pods Manifest.lock */ = {
			isa = PBXShellScriptBuildPhase;
			buildActionMask = 2147483647;
			files = (
			);
			inputPaths = (
				"${PODS_PODFILE_DIR_PATH}/Podfile.lock",
				"${PODS_ROOT}/Manifest.lock",
			);
			name = "[CP] Check Pods Manifest.lock";
			outputPaths = (
				"$(DERIVED_FILE_DIR)/Pods-ClimateApp-checkManifestLockResult.txt",
			);
			runOnlyForDeploymentPostprocessing = 0;
			shellPath = /bin/sh;
			shellScript = "diff \"${PODS_PODFILE_DIR_PATH}/Podfile.lock\" \"${PODS_ROOT}/Manifest.lock\" > /dev/null\nif [ $? != 0 ] ; then\n    # print error to STDERR\n    echo \"error: The sandbox is not in sync with the Podfile.lock. Run 'pod install' or update your CocoaPods installation.\" >&2\n    exit 1\nfi\n# This output is used by Xcode 'outputs' to avoid re-running this script phase.\necho \"SUCCESS\" > \"${SCRIPT_OUTPUT_FILE_0}\"\n";
			showEnvVarsInLog = 0;
		};
		C9585E1231BCFDDCC74B5C21 /* [CP] Embed Pods Frameworks */ = {
			isa = PBXShellScriptBuildPhase;
			buildActionMask = 2147483647;
			files = (
			);
			inputPaths = (
				"${SRCROOT}/Pods/Target Support Files/Pods-ClimateApp/Pods-ClimateApp-frameworks.sh",
				"${BUILT_PRODUCTS_DIR}/Alamofire/Alamofire.framework",
				"${BUILT_PRODUCTS_DIR}/SVProgressHUD/SVProgressHUD.framework",
				"${BUILT_PRODUCTS_DIR}/SwiftyJSON/SwiftyJSON.framework",
			);
			name = "[CP] Embed Pods Frameworks";
			outputPaths = (
				"${TARGET_BUILD_DIR}/${FRAMEWORKS_FOLDER_PATH}/Alamofire.framework",
				"${TARGET_BUILD_DIR}/${FRAMEWORKS_FOLDER_PATH}/SVProgressHUD.framework",
				"${TARGET_BUILD_DIR}/${FRAMEWORKS_FOLDER_PATH}/SwiftyJSON.framework",
			);
			runOnlyForDeploymentPostprocessing = 0;
			shellPath = /bin/sh;
			shellScript = "\"${SRCROOT}/Pods/Target Support Files/Pods-ClimateApp/Pods-ClimateApp-frameworks.sh\"\n";
			showEnvVarsInLog = 0;
		};
/* End PBXShellScriptBuildPhase section */

/* Begin PBXSourcesBuildPhase section */
		4253988C21791AD400CB1797 /* Sources */ = {
			isa = PBXSourcesBuildPhase;
			buildActionMask = 2147483647;
			files = (
				425398AD2179228100CB1797 /* WeatherDataModel.swift in Sources */,
				4253989621791AD400CB1797 /* WeatherViewController.swift in Sources */,
				425398B12179236E00CB1797 /* ChangeCityViewController.swift in Sources */,
				4253989421791AD400CB1797 /* AppDelegate.swift in Sources */,
			);
			runOnlyForDeploymentPostprocessing = 0;
		};
/* End PBXSourcesBuildPhase section */

/* Begin PBXVariantGroup section */
		4253989721791AD400CB1797 /* Main.storyboard */ = {
			isa = PBXVariantGroup;
			children = (
				4253989821791AD400CB1797 /* Base */,
			);
			name = Main.storyboard;
			sourceTree = "<group>";
		};
		4253989C21791AD600CB1797 /* LaunchScreen.storyboard */ = {
			isa = PBXVariantGroup;
			children = (
				4253989D21791AD600CB1797 /* Base */,
			);
			name = LaunchScreen.storyboard;
			sourceTree = "<group>";
		};
/* End PBXVariantGroup section */

/* Begin XCBuildConfiguration section */
		425398A021791AD600CB1797 /* Debug */ = {
			isa = XCBuildConfiguration;
			buildSettings = {
				ALWAYS_SEARCH_USER_PATHS = NO;
				CLANG_ANALYZER_NONNULL = YES;
				CLANG_ANALYZER_NUMBER_OBJECT_CONVERSION = YES_AGGRESSIVE;
				CLANG_CXX_LANGUAGE_STANDARD = "gnu++14";
				CLANG_CXX_LIBRARY = "libc++";
				CLANG_ENABLE_MODULES = YES;
				CLANG_ENABLE_OBJC_ARC = YES;
				CLANG_ENABLE_OBJC_WEAK = YES;
				CLANG_WARN_BLOCK_CAPTURE_AUTORELEASING = YES;
				CLANG_WARN_BOOL_CONVERSION = YES;
				CLANG_WARN_COMMA = YES;
				CLANG_WARN_CONSTANT_CONVERSION = YES;
				CLANG_WARN_DEPRECATED_OBJC_IMPLEMENTATIONS = YES;
				CLANG_WARN_DIRECT_OBJC_ISA_USAGE = YES_ERROR;
				CLANG_WARN_DOCUMENTATION_COMMENTS = YES;
				CLANG_WARN_EMPTY_BODY = YES;
				CLANG_WARN_ENUM_CONVERSION = YES;
				CLANG_WARN_INFINITE_RECURSION = YES;
				CLANG_WARN_INT_CONVERSION = YES;
				CLANG_WARN_NON_LITERAL_NULL_CONVERSION = YES;
				CLANG_WARN_OBJC_IMPLICIT_RETAIN_SELF = YES;
				CLANG_WARN_OBJC_LITERAL_CONVERSION = YES;
				CLANG_WARN_OBJC_ROOT_CLASS = YES_ERROR;
				CLANG_WARN_RANGE_LOOP_ANALYSIS = YES;
				CLANG_WARN_STRICT_PROTOTYPES = YES;
				CLANG_WARN_SUSPICIOUS_MOVE = YES;
				CLANG_WARN_UNGUARDED_AVAILABILITY = YES_AGGRESSIVE;
				CLANG_WARN_UNREACHABLE_CODE = YES;
				CLANG_WARN__DUPLICATE_METHOD_MATCH = YES;
				CODE_SIGN_IDENTITY = "iPhone Developer";
				COPY_PHASE_STRIP = NO;
				DEBUG_INFORMATION_FORMAT = dwarf;
				ENABLE_STRICT_OBJC_MSGSEND = YES;
				ENABLE_TESTABILITY = YES;
				GCC_C_LANGUAGE_STANDARD = gnu11;
				GCC_DYNAMIC_NO_PIC = NO;
				GCC_NO_COMMON_BLOCKS = YES;
				GCC_OPTIMIZATION_LEVEL = 0;
				GCC_PREPROCESSOR_DEFINITIONS = (
					"DEBUG=1",
					"$(inherited)",
				);
				GCC_WARN_64_TO_32_BIT_CONVERSION = YES;
				GCC_WARN_ABOUT_RETURN_TYPE = YES_ERROR;
				GCC_WARN_UNDECLARED_SELECTOR = YES;
				GCC_WARN_UNINITIALIZED_AUTOS = YES_AGGRESSIVE;
				GCC_WARN_UNUSED_FUNCTION = YES;
				GCC_WARN_UNUSED_VARIABLE = YES;
				IPHONEOS_DEPLOYMENT_TARGET = 12.0;
				MTL_ENABLE_DEBUG_INFO = INCLUDE_SOURCE;
				MTL_FAST_MATH = YES;
				ONLY_ACTIVE_ARCH = YES;
				SDKROOT = iphoneos;
				SWIFT_ACTIVE_COMPILATION_CONDITIONS = DEBUG;
				SWIFT_OPTIMIZATION_LEVEL = "-Onone";
			};
			name = Debug;
		};
		425398A121791AD600CB1797 /* Release */ = {
			isa = XCBuildConfiguration;
			buildSettings = {
				ALWAYS_SEARCH_USER_PATHS = NO;
				CLANG_ANALYZER_NONNULL = YES;
				CLANG_ANALYZER_NUMBER_OBJECT_CONVERSION = YES_AGGRESSIVE;
				CLANG_CXX_LANGUAGE_STANDARD = "gnu++14";
				CLANG_CXX_LIBRARY = "libc++";
				CLANG_ENABLE_MODULES = YES;
				CLANG_ENABLE_OBJC_ARC = YES;
				CLANG_ENABLE_OBJC_WEAK = YES;
				CLANG_WARN_BLOCK_CAPTURE_AUTORELEASING = YES;
				CLANG_WARN_BOOL_CONVERSION = YES;
				CLANG_WARN_COMMA = YES;
				CLANG_WARN_CONSTANT_CONVERSION = YES;
				CLANG_WARN_DEPRECATED_OBJC_IMPLEMENTATIONS = YES;
				CLANG_WARN_DIRECT_OBJC_ISA_USAGE = YES_ERROR;
				CLANG_WARN_DOCUMENTATION_COMMENTS = YES;
				CLANG_WARN_EMPTY_BODY = YES;
				CLANG_WARN_ENUM_CONVERSION = YES;
				CLANG_WARN_INFINITE_RECURSION = YES;
				CLANG_WARN_INT_CONVERSION = YES;
				CLANG_WARN_NON_LITERAL_NULL_CONVERSION = YES;
				CLANG_WARN_OBJC_IMPLICIT_RETAIN_SELF = YES;
				CLANG_WARN_OBJC_LITERAL_CONVERSION = YES;
				CLANG_WARN_OBJC_ROOT_CLASS = YES_ERROR;
				CLANG_WARN_RANGE_LOOP_ANALYSIS = YES;
				CLANG_WARN_STRICT_PROTOTYPES = YES;
				CLANG_WARN_SUSPICIOUS_MOVE = YES;
				CLANG_WARN_UNGUARDED_AVAILABILITY = YES_AGGRESSIVE;
				CLANG_WARN_UNREACHABLE_CODE = YES;
				CLANG_WARN__DUPLICATE_METHOD_MATCH = YES;
				CODE_SIGN_IDENTITY = "iPhone Developer";
				COPY_PHASE_STRIP = NO;
				DEBUG_INFORMATION_FORMAT = "dwarf-with-dsym";
				ENABLE_NS_ASSERTIONS = NO;
				ENABLE_STRICT_OBJC_MSGSEND = YES;
				GCC_C_LANGUAGE_STANDARD = gnu11;
				GCC_NO_COMMON_BLOCKS = YES;
				GCC_WARN_64_TO_32_BIT_CONVERSION = YES;
				GCC_WARN_ABOUT_RETURN_TYPE = YES_ERROR;
				GCC_WARN_UNDECLARED_SELECTOR = YES;
				GCC_WARN_UNINITIALIZED_AUTOS = YES_AGGRESSIVE;
				GCC_WARN_UNUSED_FUNCTION = YES;
				GCC_WARN_UNUSED_VARIABLE = YES;
				IPHONEOS_DEPLOYMENT_TARGET = 12.0;
				MTL_ENABLE_DEBUG_INFO = NO;
				MTL_FAST_MATH = YES;
				SDKROOT = iphoneos;
				SWIFT_COMPILATION_MODE = wholemodule;
				SWIFT_OPTIMIZATION_LEVEL = "-O";
				VALIDATE_PRODUCT = YES;
			};
			name = Release;
		};
		425398A321791AD600CB1797 /* Debug */ = {
			isa = XCBuildConfiguration;
			baseConfigurationReference = F174AF75A2CA7AC9D188C5D2 /* Pods-ClimateApp.debug.xcconfig */;
			buildSettings = {
				ASSETCATALOG_COMPILER_APPICON_NAME = AppIcon;
				CODE_SIGN_STYLE = Automatic;
				DEVELOPMENT_TEAM = 84B657U6QB;
				INFOPLIST_FILE = ClimateApp/Info.plist;
				LD_RUNPATH_SEARCH_PATHS = (
					"$(inherited)",
					"@executable_path/Frameworks",
				);
				PRODUCT_BUNDLE_IDENTIFIER = madmonte.ClimateApp;
				PRODUCT_NAME = "$(TARGET_NAME)";
				SWIFT_VERSION = 4.2;
				TARGETED_DEVICE_FAMILY = "1,2";
			};
			name = Debug;
		};
		425398A421791AD600CB1797 /* Release */ = {
			isa = XCBuildConfiguration;
			baseConfigurationReference = 2B278D4166D675BF80CA9C73 /* Pods-ClimateApp.release.xcconfig */;
			buildSettings = {
				ASSETCATALOG_COMPILER_APPICON_NAME = AppIcon;
				CODE_SIGN_STYLE = Automatic;
				DEVELOPMENT_TEAM = 84B657U6QB;
				INFOPLIST_FILE = ClimateApp/Info.plist;
				LD_RUNPATH_SEARCH_PATHS = (
					"$(inherited)",
					"@executable_path/Frameworks",
				);
				PRODUCT_BUNDLE_IDENTIFIER = madmonte.ClimateApp;
				PRODUCT_NAME = "$(TARGET_NAME)";
				SWIFT_VERSION = 4.2;
				TARGETED_DEVICE_FAMILY = "1,2";
			};
			name = Release;
		};
/* End XCBuildConfiguration section */

/* Begin XCConfigurationList section */
		4253988B21791AD400CB1797 /* Build configuration list for PBXProject "ClimateApp" */ = {
			isa = XCConfigurationList;
			buildConfigurations = (
				425398A021791AD600CB1797 /* Debug */,
				425398A121791AD600CB1797 /* Release */,
			);
			defaultConfigurationIsVisible = 0;
			defaultConfigurationName = Release;
		};
		425398A221791AD600CB1797 /* Build configuration list for PBXNativeTarget "ClimateApp" */ = {
			isa = XCConfigurationList;
			buildConfigurations = (
				425398A321791AD600CB1797 /* Debug */,
				425398A421791AD600CB1797 /* Release */,
			);
			defaultConfigurationIsVisible = 0;
			defaultConfigurationName = Release;
		};
/* End XCConfigurationList section */
	};
	rootObject = 4253988821791AD400CB1797 /* Project object */;
}
